
Microsoft Visual Studio Solution File, Format Version 12.00
# Visual Studio 15
VisualStudioVersion = 15.0.28307.421
MinimumVisualStudioVersion = 10.0.40219.1
Project("{FAE04EC0-301F-11D3-BF4B-00C04F79EFBC}") = "ClipToolTemplate", "ClipToolTemplate\ClipToolTemplate.csproj", "{BCF61B8E-9238-4EE0-8624-6564FB66349C}"
EndProject
Global
	GlobalSection(SolutionConfigurationPlatforms) = preSolution
		Debug|Any CPU = Debug|Any CPU
		Release|Any CPU = Release|Any CPU
	EndGlobalSection
	GlobalSection(ProjectConfigurationPlatforms) = postSolution
		{BCF61B8E-9238-4EE0-8624-6564FB66349C}.Debug|Any CPU.ActiveCfg = Debug|Any CPU
		{BCF61B8E-9238-4EE0-8624-6564FB66349C}.Debug|Any CPU.Build.0 = Debug|Any CPU
		{BCF61B8E-9238-4EE0-8624-6564FB66349C}.Release|Any CPU.ActiveCfg = Release|Any CPU
		{BCF61B8E-9238-4EE0-8624-6564FB66349C}.Release|Any CPU.Build.0 = Release|Any CPU
	EndGlobalSection
	GlobalSection(SolutionProperties) = preSolution
		HideSolutionNode = FALSE
	EndGlobalSection
	GlobalSection(ExtensibilityGlobals) = postSolution
		SolutionGuid = {74AE7AA3-75E1-471F-8BC4-E345C46990A7}
	EndGlobalSection
EndGlobal
